
Microsoft Visual Studio Solution File, Format Version 12.00
# Visual Studio Version 16
VisualStudioVersion = 16.0.30907.101
MinimumVisualStudioVersion = 10.0.40219.1
Project("{FAE04EC0-301F-11D3-BF4B-00C04F79EFBC}") = "ProjECommerce", "ProjECommerce\ProjECommerce.csproj", "{73C6704B-39B6-4D1C-884C-D185851ABDF9}"
EndProject
Global
	GlobalSection(SolutionConfigurationPlatforms) = preSolution
		Debug|Any CPU = Debug|Any CPU
		Release|Any CPU = Release|Any CPU
	EndGlobalSection
	GlobalSection(ProjectConfigurationPlatforms) = postSolution
		{73C6704B-39B6-4D1C-884C-D185851ABDF9}.Debug|Any CPU.ActiveCfg = Debug|Any CPU
		{73C6704B-39B6-4D1C-884C-D185851ABDF9}.Debug|Any CPU.Build.0 = Debug|Any CPU
		{73C6704B-39B6-4D1C-884C-D185851ABDF9}.Release|Any CPU.ActiveCfg = Release|Any CPU
		{73C6704B-39B6-4D1C-884C-D185851ABDF9}.Release|Any CPU.Build.0 = Release|Any CPU
	EndGlobalSection
	GlobalSection(SolutionProperties) = preSolution
		HideSolutionNode = FALSE
	EndGlobalSection
	GlobalSection(ExtensibilityGlobals) = postSolution
		SolutionGuid = {EC9BB359-943B-441A-AF50-089B78526BE0}
	EndGlobalSection
EndGlobal
